// !$*UTF8*$!
{
	archiveVersion = 1;
	classes = {
	};
	objectVersion = 51;
	objects = {

/* Begin PBXBuildFile section */
		8BC8ED912A13322343A076B6 /* Pods_Postcast.framework in Frameworks */ = {isa = PBXBuildFile; fileRef = 510F885D982191FD4B774283 /* Pods_Postcast.framework */; };
		F349291A246698B500EF029D /* AppDelegate.swift in Sources */ = {isa = PBXBuildFile; fileRef = F3492919246698B500EF029D /* AppDelegate.swift */; };
		F349291E246698B500EF029D /* ViewController.swift in Sources */ = {isa = PBXBuildFile; fileRef = F349291D246698B500EF029D /* ViewController.swift */; };
		F3492921246698B500EF029D /* Main.storyboard in Resources */ = {isa = PBXBuildFile; fileRef = F349291F246698B500EF029D /* Main.storyboard */; };
		F3492923246698B900EF029D /* Assets.xcassets in Resources */ = {isa = PBXBuildFile; fileRef = F3492922246698B900EF029D /* Assets.xcassets */; };
		F3492926246698B900EF029D /* LaunchScreen.storyboard in Resources */ = {isa = PBXBuildFile; fileRef = F3492924246698B900EF029D /* LaunchScreen.storyboard */; };
		F349292E246698F700EF029D /* MainTabBarController.swift in Sources */ = {isa = PBXBuildFile; fileRef = F349292D246698F700EF029D /* MainTabBarController.swift */; };
		F34929312466B0D800EF029D /* PodcastSearchController.swift in Sources */ = {isa = PBXBuildFile; fileRef = F34929302466B0D800EF029D /* PodcastSearchController.swift */; };
		F34929342466B1DA00EF029D /* Podcast.swift in Sources */ = {isa = PBXBuildFile; fileRef = F34929332466B1DA00EF029D /* Podcast.swift */; };
		F34929372467228700EF029D /* SearchResults.swift in Sources */ = {isa = PBXBuildFile; fileRef = F34929362467228700EF029D /* SearchResults.swift */; };
		F349293F2468045E00EF029D /* APIService.swift in Sources */ = {isa = PBXBuildFile; fileRef = F349293E2468045E00EF029D /* APIService.swift */; };
		F349294224691CE100EF029D /* PodcastCell.xib in Resources */ = {isa = PBXBuildFile; fileRef = F349294124691CE100EF029D /* PodcastCell.xib */; };
		F349294424691F5700EF029D /* PodcastCell.swift in Sources */ = {isa = PBXBuildFile; fileRef = F349294324691F5700EF029D /* PodcastCell.swift */; };
		F3492966246A1CD800EF029D /* EpisodesController.swift in Sources */ = {isa = PBXBuildFile; fileRef = F3492965246A1CD800EF029D /* EpisodesController.swift */; };
		F3492968246A215800EF029D /* Episode.swift in Sources */ = {isa = PBXBuildFile; fileRef = F3492967246A215800EF029D /* Episode.swift */; };
/* End PBXBuildFile section */

/* Begin PBXFileReference section */
		28CC4C34A37B185C7F4E3388 /* Pods-Postcast.debug.xcconfig */ = {isa = PBXFileReference; includeInIndex = 1; lastKnownFileType = text.xcconfig; name = "Pods-Postcast.debug.xcconfig"; path = "Target Support Files/Pods-Postcast/Pods-Postcast.debug.xcconfig"; sourceTree = "<group>"; };
		510F885D982191FD4B774283 /* Pods_Postcast.framework */ = {isa = PBXFileReference; explicitFileType = wrapper.framework; includeInIndex = 0; path = Pods_Postcast.framework; sourceTree = BUILT_PRODUCTS_DIR; };
		EE8DEA5DF0D9A179FC8AF81D /* Pods-Postcast.release.xcconfig */ = {isa = PBXFileReference; includeInIndex = 1; lastKnownFileType = text.xcconfig; name = "Pods-Postcast.release.xcconfig"; path = "Target Support Files/Pods-Postcast/Pods-Postcast.release.xcconfig"; sourceTree = "<group>"; };
		F3492916246698B500EF029D /* Postcast.app */ = {isa = PBXFileReference; explicitFileType = wrapper.application; includeInIndex = 0; path = Postcast.app; sourceTree = BUILT_PRODUCTS_DIR; };
		F3492919246698B500EF029D /* AppDelegate.swift */ = {isa = PBXFileReference; lastKnownFileType = sourcecode.swift; path = AppDelegate.swift; sourceTree = "<group>"; };
		F349291D246698B500EF029D /* ViewController.swift */ = {isa = PBXFileReference; lastKnownFileType = sourcecode.swift; path = ViewController.swift; sourceTree = "<group>"; };
		F3492920246698B500EF029D /* Base */ = {isa = PBXFileReference; lastKnownFileType = file.storyboard; name = Base; path = Base.lproj/Main.storyboard; sourceTree = "<group>"; };
		F3492922246698B900EF029D /* Assets.xcassets */ = {isa = PBXFileReference; lastKnownFileType = folder.assetcatalog; path = Assets.xcassets; sourceTree = "<group>"; };
		F3492925246698B900EF029D /* Base */ = {isa = PBXFileReference; lastKnownFileType = file.storyboard; name = Base; path = Base.lproj/LaunchScreen.storyboard; sourceTree = "<group>"; };
		F3492927246698B900EF029D /* Info.plist */ = {isa = PBXFileReference; lastKnownFileType = text.plist.xml; path = Info.plist; sourceTree = "<group>"; };
		F349292D246698F700EF029D /* MainTabBarController.swift */ = {isa = PBXFileReference; lastKnownFileType = sourcecode.swift; path = MainTabBarController.swift; sourceTree = "<group>"; };
		F34929302466B0D800EF029D /* PodcastSearchController.swift */ = {isa = PBXFileReference; lastKnownFileType = sourcecode.swift; path = PodcastSearchController.swift; sourceTree = "<group>"; };
		F34929332466B1DA00EF029D /* Podcast.swift */ = {isa = PBXFileReference; lastKnownFileType = sourcecode.swift; path = Podcast.swift; sourceTree = "<group>"; };
		F34929362467228700EF029D /* SearchResults.swift */ = {isa = PBXFileReference; lastKnownFileType = sourcecode.swift; path = SearchResults.swift; sourceTree = "<group>"; };
		F349293E2468045E00EF029D /* APIService.swift */ = {isa = PBXFileReference; lastKnownFileType = sourcecode.swift; path = APIService.swift; sourceTree = "<group>"; };
		F349294124691CE100EF029D /* PodcastCell.xib */ = {isa = PBXFileReference; lastKnownFileType = file.xib; path = PodcastCell.xib; sourceTree = "<group>"; };
		F349294324691F5700EF029D /* PodcastCell.swift */ = {isa = PBXFileReference; lastKnownFileType = sourcecode.swift; path = PodcastCell.swift; sourceTree = "<group>"; };
		F3492965246A1CD800EF029D /* EpisodesController.swift */ = {isa = PBXFileReference; lastKnownFileType = sourcecode.swift; path = EpisodesController.swift; sourceTree = "<group>"; };
		F3492967246A215800EF029D /* Episode.swift */ = {isa = PBXFileReference; lastKnownFileType = sourcecode.swift; path = Episode.swift; sourceTree = "<group>"; };
/* End PBXFileReference section */

/* Begin PBXFrameworksBuildPhase section */
		F3492913246698B500EF029D /* Frameworks */ = {
			isa = PBXFrameworksBuildPhase;
			buildActionMask = 2147483647;
			files = (
				8BC8ED912A13322343A076B6 /* Pods_Postcast.framework in Frameworks */,
			);
			runOnlyForDeploymentPostprocessing = 0;
		};
/* End PBXFrameworksBuildPhase section */

/* Begin PBXGroup section */
		610813675A57A92E3AC39535 /* Frameworks */ = {
			isa = PBXGroup;
			children = (
				510F885D982191FD4B774283 /* Pods_Postcast.framework */,
			);
			name = Frameworks;
			sourceTree = "<group>";
		};
		91085D970470B586663DC954 /* Pods */ = {
			isa = PBXGroup;
			children = (
				28CC4C34A37B185C7F4E3388 /* Pods-Postcast.debug.xcconfig */,
				EE8DEA5DF0D9A179FC8AF81D /* Pods-Postcast.release.xcconfig */,
			);
			path = Pods;
			sourceTree = "<group>";
		};
		F349290D246698B500EF029D = {
			isa = PBXGroup;
			children = (
				F3492918246698B500EF029D /* Postcast */,
				F3492917246698B500EF029D /* Products */,
				91085D970470B586663DC954 /* Pods */,
				610813675A57A92E3AC39535 /* Frameworks */,
			);
			sourceTree = "<group>";
		};
		F3492917246698B500EF029D /* Products */ = {
			isa = PBXGroup;
			children = (
				F3492916246698B500EF029D /* Postcast.app */,
			);
			name = Products;
			sourceTree = "<group>";
		};
		F3492918246698B500EF029D /* Postcast */ = {
			isa = PBXGroup;
			children = (
				F349294024691CA300EF029D /* Views */,
				F349293D2468044000EF029D /* API */,
				F34929322466B1C800EF029D /* Models */,
				F349292F2466B0BC00EF029D /* Controllers */,
				F3492919246698B500EF029D /* AppDelegate.swift */,
				F349291D246698B500EF029D /* ViewController.swift */,
				F349292D246698F700EF029D /* MainTabBarController.swift */,
				F349291F246698B500EF029D /* Main.storyboard */,
				F3492922246698B900EF029D /* Assets.xcassets */,
				F3492924246698B900EF029D /* LaunchScreen.storyboard */,
				F3492927246698B900EF029D /* Info.plist */,
			);
			path = Postcast;
			sourceTree = "<group>";
		};
		F349292F2466B0BC00EF029D /* Controllers */ = {
			isa = PBXGroup;
			children = (
				F34929302466B0D800EF029D /* PodcastSearchController.swift */,
				F3492965246A1CD800EF029D /* EpisodesController.swift */,
			);
			path = Controllers;
			sourceTree = "<group>";
		};
		F34929322466B1C800EF029D /* Models */ = {
			isa = PBXGroup;
			children = (
				F34929332466B1DA00EF029D /* Podcast.swift */,
				F34929362467228700EF029D /* SearchResults.swift */,
				F3492967246A215800EF029D /* Episode.swift */,
			);
			path = Models;
			sourceTree = "<group>";
		};
		F349293D2468044000EF029D /* API */ = {
			isa = PBXGroup;
			children = (
				F349293E2468045E00EF029D /* APIService.swift */,
			);
			path = API;
			sourceTree = "<group>";
		};
		F349294024691CA300EF029D /* Views */ = {
			isa = PBXGroup;
			children = (
				F349294124691CE100EF029D /* PodcastCell.xib */,
				F349294324691F5700EF029D /* PodcastCell.swift */,
			);
			path = Views;
			sourceTree = "<group>";
		};
/* End PBXGroup section */

/* Begin PBXNativeTarget section */
		F3492915246698B500EF029D /* Postcast */ = {
			isa = PBXNativeTarget;
			buildConfigurationList = F349292A246698B900EF029D /* Build configuration list for PBXNativeTarget "Postcast" */;
			buildPhases = (
				62B0CA6E80E6E330BDF684D9 /* [CP] Check Pods Manifest.lock */,
				F3492912246698B500EF029D /* Sources */,
				F3492913246698B500EF029D /* Frameworks */,
				F3492914246698B500EF029D /* Resources */,
				F34929352467039B00EF029D /* Run Script */,
				504AE45066B39DDBEA9418F0 /* [CP] Embed Pods Frameworks */,
			);
			buildRules = (
			);
			dependencies = (
			);
			name = Postcast;
			productName = Postcast;
			productReference = F3492916246698B500EF029D /* Postcast.app */;
			productType = "com.apple.product-type.application";
		};
/* End PBXNativeTarget section */

/* Begin PBXProject section */
		F349290E246698B500EF029D /* Project object */ = {
			isa = PBXProject;
			attributes = {
				LastSwiftUpdateCheck = 1130;
				LastUpgradeCheck = 1130;
				ORGANIZATIONNAME = "Chialin Liu";
				TargetAttributes = {
					F3492915246698B500EF029D = {
						CreatedOnToolsVersion = 11.3;
					};
				};
			};
			buildConfigurationList = F3492911246698B500EF029D /* Build configuration list for PBXProject "Postcast" */;
			compatibilityVersion = "Xcode 9.3";
			developmentRegion = en;
			hasScannedForEncodings = 0;
			knownRegions = (
				en,
				Base,
			);
			mainGroup = F349290D246698B500EF029D;
			productRefGroup = F3492917246698B500EF029D /* Products */;
			projectDirPath = "";
			projectRoot = "";
			targets = (
				F3492915246698B500EF029D /* Postcast */,
			);
		};
/* End PBXProject section */

/* Begin PBXResourcesBuildPhase section */
		F3492914246698B500EF029D /* Resources */ = {
			isa = PBXResourcesBuildPhase;
			buildActionMask = 2147483647;
			files = (
				F3492926246698B900EF029D /* LaunchScreen.storyboard in Resources */,
				F3492923246698B900EF029D /* Assets.xcassets in Resources */,
				F349294224691CE100EF029D /* PodcastCell.xib in Resources */,
				F3492921246698B500EF029D /* Main.storyboard in Resources */,
			);
			runOnlyForDeploymentPostprocessing = 0;
		};
/* End PBXResourcesBuildPhase section */

/* Begin PBXShellScriptBuildPhase section */
		504AE45066B39DDBEA9418F0 /* [CP] Embed Pods Frameworks */ = {
			isa = PBXShellScriptBuildPhase;
			buildActionMask = 2147483647;
			files = (
			);
			inputFileListPaths = (
				"${PODS_ROOT}/Target Support Files/Pods-Postcast/Pods-Postcast-frameworks-${CONFIGURATION}-input-files.xcfilelist",
			);
			name = "[CP] Embed Pods Frameworks";
			outputFileListPaths = (
				"${PODS_ROOT}/Target Support Files/Pods-Postcast/Pods-Postcast-frameworks-${CONFIGURATION}-output-files.xcfilelist",
			);
			runOnlyForDeploymentPostprocessing = 0;
			shellPath = /bin/sh;
			shellScript = "\"${PODS_ROOT}/Target Support Files/Pods-Postcast/Pods-Postcast-frameworks.sh\"\n";
			showEnvVarsInLog = 0;
		};
		62B0CA6E80E6E330BDF684D9 /* [CP] Check Pods Manifest.lock */ = {
			isa = PBXShellScriptBuildPhase;
			buildActionMask = 2147483647;
			files = (
			);
			inputFileListPaths = (
			);
			inputPaths = (
				"${PODS_PODFILE_DIR_PATH}/Podfile.lock",
				"${PODS_ROOT}/Manifest.lock",
			);
			name = "[CP] Check Pods Manifest.lock";
			outputFileListPaths = (
			);
			outputPaths = (
				"$(DERIVED_FILE_DIR)/Pods-Postcast-checkManifestLockResult.txt",
			);
			runOnlyForDeploymentPostprocessing = 0;
			shellPath = /bin/sh;
			shellScript = "diff \"${PODS_PODFILE_DIR_PATH}/Podfile.lock\" \"${PODS_ROOT}/Manifest.lock\" > /dev/null\nif [ $? != 0 ] ; then\n    # print error to STDERR\n    echo \"error: The sandbox is not in sync with the Podfile.lock. Run 'pod install' or update your CocoaPods installation.\" >&2\n    exit 1\nfi\n# This output is used by Xcode 'outputs' to avoid re-running this script phase.\necho \"SUCCESS\" > \"${SCRIPT_OUTPUT_FILE_0}\"\n";
			showEnvVarsInLog = 0;
		};
		F34929352467039B00EF029D /* Run Script */ = {
			isa = PBXShellScriptBuildPhase;
			buildActionMask = 2147483647;
			files = (
			);
			inputFileListPaths = (
			);
			inputPaths = (
			);
			name = "Run Script";
			outputFileListPaths = (
			);
			outputPaths = (
			);
			runOnlyForDeploymentPostprocessing = 0;
			shellPath = /bin/sh;
			shellScript = "if which swiftlint >/dev/null; then\n  swiftlint\nelse\n  echo \"warning: SwiftLint not installed, download from https://github.com/realm/SwiftLint\"\nfi\n";
		};
/* End PBXShellScriptBuildPhase section */

/* Begin PBXSourcesBuildPhase section */
		F3492912246698B500EF029D /* Sources */ = {
			isa = PBXSourcesBuildPhase;
			buildActionMask = 2147483647;
			files = (
				F34929312466B0D800EF029D /* PodcastSearchController.swift in Sources */,
				F349293F2468045E00EF029D /* APIService.swift in Sources */,
				F349294424691F5700EF029D /* PodcastCell.swift in Sources */,
				F3492968246A215800EF029D /* Episode.swift in Sources */,
				F349291E246698B500EF029D /* ViewController.swift in Sources */,
				F349291A246698B500EF029D /* AppDelegate.swift in Sources */,
				F349292E246698F700EF029D /* MainTabBarController.swift in Sources */,
				F34929372467228700EF029D /* SearchResults.swift in Sources */,
				F34929342466B1DA00EF029D /* Podcast.swift in Sources */,
				F3492966246A1CD800EF029D /* EpisodesController.swift in Sources */,
			);
			runOnlyForDeploymentPostprocessing = 0;
		};
/* End PBXSourcesBuildPhase section */

/* Begin PBXVariantGroup section */
		F349291F246698B500EF029D /* Main.storyboard */ = {
			isa = PBXVariantGroup;
			children = (
				F3492920246698B500EF029D /* Base */,
			);
			name = Main.storyboard;
			sourceTree = "<group>";
		};
		F3492924246698B900EF029D /* LaunchScreen.storyboard */ = {
			isa = PBXVariantGroup;
			children = (
				F3492925246698B900EF029D /* Base */,
			);
			name = LaunchScreen.storyboard;
			sourceTree = "<group>";
		};
/* End PBXVariantGroup section */

/* Begin XCBuildConfiguration section */
		F3492928246698B900EF029D /* Debug */ = {
			isa = XCBuildConfiguration;
			buildSettings = {
				ALWAYS_SEARCH_USER_PATHS = NO;
				CLANG_ANALYZER_NONNULL = YES;
				CLANG_ANALYZER_NUMBER_OBJECT_CONVERSION = YES_AGGRESSIVE;
				CLANG_CXX_LANGUAGE_STANDARD = "gnu++14";
				CLANG_CXX_LIBRARY = "libc++";
				CLANG_ENABLE_MODULES = YES;
				CLANG_ENABLE_OBJC_ARC = YES;
				CLANG_ENABLE_OBJC_WEAK = YES;
				CLANG_WARN_BLOCK_CAPTURE_AUTORELEASING = YES;
				CLANG_WARN_BOOL_CONVERSION = YES;
				CLANG_WARN_COMMA = YES;
				CLANG_WARN_CONSTANT_CONVERSION = YES;
				CLANG_WARN_DEPRECATED_OBJC_IMPLEMENTATIONS = YES;
				CLANG_WARN_DIRECT_OBJC_ISA_USAGE = YES_ERROR;
				CLANG_WARN_DOCUMENTATION_COMMENTS = YES;
				CLANG_WARN_EMPTY_BODY = YES;
				CLANG_WARN_ENUM_CONVERSION = YES;
				CLANG_WARN_INFINITE_RECURSION = YES;
				CLANG_WARN_INT_CONVERSION = YES;
				CLANG_WARN_NON_LITERAL_NULL_CONVERSION = YES;
				CLANG_WARN_OBJC_IMPLICIT_RETAIN_SELF = YES;
				CLANG_WARN_OBJC_LITERAL_CONVERSION = YES;
				CLANG_WARN_OBJC_ROOT_CLASS = YES_ERROR;
				CLANG_WARN_RANGE_LOOP_ANALYSIS = YES;
				CLANG_WARN_STRICT_PROTOTYPES = YES;
				CLANG_WARN_SUSPICIOUS_MOVE = YES;
				CLANG_WARN_UNGUARDED_AVAILABILITY = YES_AGGRESSIVE;
				CLANG_WARN_UNREACHABLE_CODE = YES;
				CLANG_WARN__DUPLICATE_METHOD_MATCH = YES;
				COPY_PHASE_STRIP = NO;
				DEBUG_INFORMATION_FORMAT = dwarf;
				ENABLE_STRICT_OBJC_MSGSEND = YES;
				ENABLE_TESTABILITY = YES;
				GCC_C_LANGUAGE_STANDARD = gnu11;
				GCC_DYNAMIC_NO_PIC = NO;
				GCC_NO_COMMON_BLOCKS = YES;
				GCC_OPTIMIZATION_LEVEL = 0;
				GCC_PREPROCESSOR_DEFINITIONS = (
					"DEBUG=1",
					"$(inherited)",
				);
				GCC_WARN_64_TO_32_BIT_CONVERSION = YES;
				GCC_WARN_ABOUT_RETURN_TYPE = YES_ERROR;
				GCC_WARN_UNDECLARED_SELECTOR = YES;
				GCC_WARN_UNINITIALIZED_AUTOS = YES_AGGRESSIVE;
				GCC_WARN_UNUSED_FUNCTION = YES;
				GCC_WARN_UNUSED_VARIABLE = YES;
				IPHONEOS_DEPLOYMENT_TARGET = 13.2;
				MTL_ENABLE_DEBUG_INFO = INCLUDE_SOURCE;
				MTL_FAST_MATH = YES;
				ONLY_ACTIVE_ARCH = YES;
				SDKROOT = iphoneos;
				SWIFT_ACTIVE_COMPILATION_CONDITIONS = DEBUG;
				SWIFT_OPTIMIZATION_LEVEL = "-Onone";
			};
			name = Debug;
		};
		F3492929246698B900EF029D /* Release */ = {
			isa = XCBuildConfiguration;
			buildSettings = {
				ALWAYS_SEARCH_USER_PATHS = NO;
				CLANG_ANALYZER_NONNULL = YES;
				CLANG_ANALYZER_NUMBER_OBJECT_CONVERSION = YES_AGGRESSIVE;
				CLANG_CXX_LANGUAGE_STANDARD = "gnu++14";
				CLANG_CXX_LIBRARY = "libc++";
				CLANG_ENABLE_MODULES = YES;
				CLANG_ENABLE_OBJC_ARC = YES;
				CLANG_ENABLE_OBJC_WEAK = YES;
				CLANG_WARN_BLOCK_CAPTURE_AUTORELEASING = YES;
				CLANG_WARN_BOOL_CONVERSION = YES;
				CLANG_WARN_COMMA = YES;
				CLANG_WARN_CONSTANT_CONVERSION = YES;
				CLANG_WARN_DEPRECATED_OBJC_IMPLEMENTATIONS = YES;
				CLANG_WARN_DIRECT_OBJC_ISA_USAGE = YES_ERROR;
				CLANG_WARN_DOCUMENTATION_COMMENTS = YES;
				CLANG_WARN_EMPTY_BODY = YES;
				CLANG_WARN_ENUM_CONVERSION = YES;
				CLANG_WARN_INFINITE_RECURSION = YES;
				CLANG_WARN_INT_CONVERSION = YES;
				CLANG_WARN_NON_LITERAL_NULL_CONVERSION = YES;
				CLANG_WARN_OBJC_IMPLICIT_RETAIN_SELF = YES;
				CLANG_WARN_OBJC_LITERAL_CONVERSION = YES;
				CLANG_WARN_OBJC_ROOT_CLASS = YES_ERROR;
				CLANG_WARN_RANGE_LOOP_ANALYSIS = YES;
				CLANG_WARN_STRICT_PROTOTYPES = YES;
				CLANG_WARN_SUSPICIOUS_MOVE = YES;
				CLANG_WARN_UNGUARDED_AVAILABILITY = YES_AGGRESSIVE;
				CLANG_WARN_UNREACHABLE_CODE = YES;
				CLANG_WARN__DUPLICATE_METHOD_MATCH = YES;
				COPY_PHASE_STRIP = NO;
				DEBUG_INFORMATION_FORMAT = "dwarf-with-dsym";
				ENABLE_NS_ASSERTIONS = NO;
				ENABLE_STRICT_OBJC_MSGSEND = YES;
				GCC_C_LANGUAGE_STANDARD = gnu11;
				GCC_NO_COMMON_BLOCKS = YES;
				GCC_WARN_64_TO_32_BIT_CONVERSION = YES;
				GCC_WARN_ABOUT_RETURN_TYPE = YES_ERROR;
				GCC_WARN_UNDECLARED_SELECTOR = YES;
				GCC_WARN_UNINITIALIZED_AUTOS = YES_AGGRESSIVE;
				GCC_WARN_UNUSED_FUNCTION = YES;
				GCC_WARN_UNUSED_VARIABLE = YES;
				IPHONEOS_DEPLOYMENT_TARGET = 13.2;
				MTL_ENABLE_DEBUG_INFO = NO;
				MTL_FAST_MATH = YES;
				SDKROOT = iphoneos;
				SWIFT_COMPILATION_MODE = wholemodule;
				SWIFT_OPTIMIZATION_LEVEL = "-O";
				VALIDATE_PRODUCT = YES;
			};
			name = Release;
		};
		F349292B246698B900EF029D /* Debug */ = {
			isa = XCBuildConfiguration;
			baseConfigurationReference = 28CC4C34A37B185C7F4E3388 /* Pods-Postcast.debug.xcconfig */;
			buildSettings = {
				ASSETCATALOG_COMPILER_APPICON_NAME = AppIcon;
				CODE_SIGN_STYLE = Automatic;
				DEVELOPMENT_TEAM = S8L6V48XKC;
				INFOPLIST_FILE = Postcast/Info.plist;
				LD_RUNPATH_SEARCH_PATHS = (
					"$(inherited)",
					"@executable_path/Frameworks",
				);
				PRODUCT_BUNDLE_IDENTIFIER = chialin.Postcast;
				PRODUCT_NAME = "$(TARGET_NAME)";
				SWIFT_VERSION = 5.0;
				TARGETED_DEVICE_FAMILY = "1,2";
			};
			name = Debug;
		};
		F349292C246698B900EF029D /* Release */ = {
			isa = XCBuildConfiguration;
			baseConfigurationReference = EE8DEA5DF0D9A179FC8AF81D /* Pods-Postcast.release.xcconfig */;
			buildSettings = {
				ASSETCATALOG_COMPILER_APPICON_NAME = AppIcon;
				CODE_SIGN_STYLE = Automatic;
				DEVELOPMENT_TEAM = S8L6V48XKC;
				INFOPLIST_FILE = Postcast/Info.plist;
				LD_RUNPATH_SEARCH_PATHS = (
					"$(inherited)",
					"@executable_path/Frameworks",
				);
				PRODUCT_BUNDLE_IDENTIFIER = chialin.Postcast;
				PRODUCT_NAME = "$(TARGET_NAME)";
				SWIFT_VERSION = 5.0;
				TARGETED_DEVICE_FAMILY = "1,2";
			};
			name = Release;
		};
/* End XCBuildConfiguration section */

/* Begin XCConfigurationList section */
		F3492911246698B500EF029D /* Build configuration list for PBXProject "Postcast" */ = {
			isa = XCConfigurationList;
			buildConfigurations = (
				F3492928246698B900EF029D /* Debug */,
				F3492929246698B900EF029D /* Release */,
			);
			defaultConfigurationIsVisible = 0;
			defaultConfigurationName = Release;
		};
		F349292A246698B900EF029D /* Build configuration list for PBXNativeTarget "Postcast" */ = {
			isa = XCConfigurationList;
			buildConfigurations = (
				F349292B246698B900EF029D /* Debug */,
				F349292C246698B900EF029D /* Release */,
			);
			defaultConfigurationIsVisible = 0;
			defaultConfigurationName = Release;
		};
/* End XCConfigurationList section */
	};
	rootObject = F349290E246698B500EF029D /* Project object */;
}
